<Solution>
  <Folder Name="/src/">
    <Project Path="src/SemanticConventions.Incubating/SemanticConventions.Incubating.csproj" />
    <Project Path="src/SemanticConventions/SemanticConventions.csproj" />
  </Folder>
  <Folder Name="/test/">
    <Project Path="test/SemanticConventions.Tests/SemanticConventions.Tests.csproj" />
  </Folder>
</Solution>
